
Microsoft Visual Studio Solution File, Format Version 12.00
# Visual Studio Version 17
VisualStudioVersion = 17.12.35527.113
MinimumVisualStudioVersion = 10.0.40219.1
Project("{FAE04EC0-301F-11D3-BF4B-00C04F79EFBC}") = "NeohConcessionaria.MVC", "NeohConcessionaria.MVC\NeohConcessionaria.MVC.csproj", "{56FBC86B-A5CD-47A9-B06C-9754029BBB91}"
EndProject
Project("{FAE04EC0-301F-11D3-BF4B-00C04F79EFBC}") = "NeohConcessionaria.Core", "NeohConcessionaria.Core\NeohConcessionaria.Core.csproj", "{6554130A-0A7B-473B-841D-25D8E3FDA52D}"
EndProject
Project("{FAE04EC0-301F-11D3-BF4B-00C04F79EFBC}") = "NeohConcessionaria.Infra", "NeohConcessionaria.Infra\NeohConcessionaria.Infra.csproj", "{735911C6-CA7D-4F01-912E-E41BA1A41265}"
EndProject
Project("{FAE04EC0-301F-11D3-BF4B-00C04F79EFBC}") = "NeohConcessionaria.Application", "NeohConcessionaria.Application\NeohConcessionaria.Application.csproj", "{32939CBB-E29F-427C-9395-2751DD5C576F}"
EndProject
Global
	GlobalSection(SolutionConfigurationPlatforms) = preSolution
		Debug|Any CPU = Debug|Any CPU
		Release|Any CPU = Release|Any CPU
	EndGlobalSection
	GlobalSection(ProjectConfigurationPlatforms) = postSolution
		{56FBC86B-A5CD-47A9-B06C-9754029BBB91}.Debug|Any CPU.ActiveCfg = Debug|Any CPU
		{56FBC86B-A5CD-47A9-B06C-9754029BBB91}.Debug|Any CPU.Build.0 = Debug|Any CPU
		{56FBC86B-A5CD-47A9-B06C-9754029BBB91}.Release|Any CPU.ActiveCfg = Release|Any CPU
		{56FBC86B-A5CD-47A9-B06C-9754029BBB91}.Release|Any CPU.Build.0 = Release|Any CPU
		{6554130A-0A7B-473B-841D-25D8E3FDA52D}.Debug|Any CPU.ActiveCfg = Debug|Any CPU
		{6554130A-0A7B-473B-841D-25D8E3FDA52D}.Debug|Any CPU.Build.0 = Debug|Any CPU
		{6554130A-0A7B-473B-841D-25D8E3FDA52D}.Release|Any CPU.ActiveCfg = Release|Any CPU
		{6554130A-0A7B-473B-841D-25D8E3FDA52D}.Release|Any CPU.Build.0 = Release|Any CPU
		{735911C6-CA7D-4F01-912E-E41BA1A41265}.Debug|Any CPU.ActiveCfg = Debug|Any CPU
		{735911C6-CA7D-4F01-912E-E41BA1A41265}.Debug|Any CPU.Build.0 = Debug|Any CPU
		{735911C6-CA7D-4F01-912E-E41BA1A41265}.Release|Any CPU.ActiveCfg = Release|Any CPU
		{735911C6-CA7D-4F01-912E-E41BA1A41265}.Release|Any CPU.Build.0 = Release|Any CPU
		{32939CBB-E29F-427C-9395-2751DD5C576F}.Debug|Any CPU.ActiveCfg = Debug|Any CPU
		{32939CBB-E29F-427C-9395-2751DD5C576F}.Debug|Any CPU.Build.0 = Debug|Any CPU
		{32939CBB-E29F-427C-9395-2751DD5C576F}.Release|Any CPU.ActiveCfg = Release|Any CPU
		{32939CBB-E29F-427C-9395-2751DD5C576F}.Release|Any CPU.Build.0 = Release|Any CPU
	EndGlobalSection
	GlobalSection(SolutionProperties) = preSolution
		HideSolutionNode = FALSE
	EndGlobalSection
EndGlobal
