
Microsoft Visual Studio Solution File, Format Version 12.00
# Visual Studio Version 17
VisualStudioVersion = 17.12.35527.113 d17.12
MinimumVisualStudioVersion = 10.0.40219.1
Project("{FAE04EC0-301F-11D3-BF4B-00C04F79EFBC}") = "NeohConcessionaria.MVC", "NeohConcessionaria.MVC\NeohConcessionaria.MVC.csproj", "{56FBC86B-A5CD-47A9-B06C-9754029BBB91}"
EndProject
Project("{FAE04EC0-301F-11D3-BF4B-00C04F79EFBC}") = "NeohConcessionaria.Application", "NeohConcessionaria.Application\NeohConcessionaria.Application.csproj", "{24C5370D-8547-418B-94FF-24EF1121A587}"
EndProject
Project("{FAE04EC0-301F-11D3-BF4B-00C04F79EFBC}") = "NeohConcessionaria.Core", "NeohConcessionaria.Core\NeohConcessionaria.Core.csproj", "{6554130A-0A7B-473B-841D-25D8E3FDA52D}"
EndProject
Project("{FAE04EC0-301F-11D3-BF4B-00C04F79EFBC}") = "NeohConcessionaria.Infra", "NeohConcessionaria.Infra\NeohConcessionaria.Infra.csproj", "{D06DD05B-7512-472E-8707-C0FB69E1B172}"
EndProject
Global
	GlobalSection(SolutionConfigurationPlatforms) = preSolution
		Debug|Any CPU = Debug|Any CPU
		Release|Any CPU = Release|Any CPU
	EndGlobalSection
	GlobalSection(ProjectConfigurationPlatforms) = postSolution
		{56FBC86B-A5CD-47A9-B06C-9754029BBB91}.Debug|Any CPU.ActiveCfg = Debug|Any CPU
		{56FBC86B-A5CD-47A9-B06C-9754029BBB91}.Debug|Any CPU.Build.0 = Debug|Any CPU
		{56FBC86B-A5CD-47A9-B06C-9754029BBB91}.Release|Any CPU.ActiveCfg = Release|Any CPU
		{56FBC86B-A5CD-47A9-B06C-9754029BBB91}.Release|Any CPU.Build.0 = Release|Any CPU
		{24C5370D-8547-418B-94FF-24EF1121A587}.Debug|Any CPU.ActiveCfg = Debug|Any CPU
		{24C5370D-8547-418B-94FF-24EF1121A587}.Debug|Any CPU.Build.0 = Debug|Any CPU
		{24C5370D-8547-418B-94FF-24EF1121A587}.Release|Any CPU.ActiveCfg = Release|Any CPU
		{24C5370D-8547-418B-94FF-24EF1121A587}.Release|Any CPU.Build.0 = Release|Any CPU
		{6554130A-0A7B-473B-841D-25D8E3FDA52D}.Debug|Any CPU.ActiveCfg = Debug|Any CPU
		{6554130A-0A7B-473B-841D-25D8E3FDA52D}.Debug|Any CPU.Build.0 = Debug|Any CPU
		{6554130A-0A7B-473B-841D-25D8E3FDA52D}.Release|Any CPU.ActiveCfg = Release|Any CPU
		{6554130A-0A7B-473B-841D-25D8E3FDA52D}.Release|Any CPU.Build.0 = Release|Any CPU
		{D06DD05B-7512-472E-8707-C0FB69E1B172}.Debug|Any CPU.ActiveCfg = Debug|Any CPU
		{D06DD05B-7512-472E-8707-C0FB69E1B172}.Debug|Any CPU.Build.0 = Debug|Any CPU
		{D06DD05B-7512-472E-8707-C0FB69E1B172}.Release|Any CPU.ActiveCfg = Release|Any CPU
		{D06DD05B-7512-472E-8707-C0FB69E1B172}.Release|Any CPU.Build.0 = Release|Any CPU
	EndGlobalSection
	GlobalSection(SolutionProperties) = preSolution
		HideSolutionNode = FALSE
	EndGlobalSection
EndGlobal
